// !$*UTF8*$!
{
	archiveVersion = 1;
	classes = {
	};
	objectVersion = 56;
	objects = {

/* Begin PBXBuildFile section */
		9E266E872AB31ADB00178F25 /* ValorantShopRealmTestProjectApp.swift in Sources */ = {isa = PBXBuildFile; fileRef = 9E266E862AB31ADB00178F25 /* ValorantShopRealmTestProjectApp.swift */; };
		9E266E892AB31ADB00178F25 /* ContentView.swift in Sources */ = {isa = PBXBuildFile; fileRef = 9E266E882AB31ADB00178F25 /* ContentView.swift */; };
		9E266E8B2AB31ADC00178F25 /* Assets.xcassets in Resources */ = {isa = PBXBuildFile; fileRef = 9E266E8A2AB31ADC00178F25 /* Assets.xcassets */; };
		9E266E8E2AB31ADC00178F25 /* Preview Assets.xcassets in Resources */ = {isa = PBXBuildFile; fileRef = 9E266E8D2AB31ADC00178F25 /* Preview Assets.xcassets */; };
		9E266E972AB31B2800178F25 /* RealmManager.swift in Sources */ = {isa = PBXBuildFile; fileRef = 9E266E962AB31B2800178F25 /* RealmManager.swift */; };
		9E266E9A2AB31B5700178F25 /* Realm in Frameworks */ = {isa = PBXBuildFile; productRef = 9E266E992AB31B5700178F25 /* Realm */; };
		9E266E9C2AB31B5700178F25 /* RealmSwift in Frameworks */ = {isa = PBXBuildFile; productRef = 9E266E9B2AB31B5700178F25 /* RealmSwift */; };
		9E266E9F2AB31B7300178F25 /* ResourceManager.swift in Sources */ = {isa = PBXBuildFile; fileRef = 9E266E9E2AB31B7300178F25 /* ResourceManager.swift */; };
		9E266EA22AB31BED00178F25 /* RiotVersion.swift in Sources */ = {isa = PBXBuildFile; fileRef = 9E266EA12AB31BED00178F25 /* RiotVersion.swift */; };
		9E266EA52AB3221700178F25 /* ViewModel.swift in Sources */ = {isa = PBXBuildFile; fileRef = 9E266EA42AB3221700178F25 /* ViewModel.swift */; };
/* End PBXBuildFile section */

/* Begin PBXFileReference section */
		9E266E832AB31ADB00178F25 /* ValorantShopRealmTestProject.app */ = {isa = PBXFileReference; explicitFileType = wrapper.application; includeInIndex = 0; path = ValorantShopRealmTestProject.app; sourceTree = BUILT_PRODUCTS_DIR; };
		9E266E862AB31ADB00178F25 /* ValorantShopRealmTestProjectApp.swift */ = {isa = PBXFileReference; lastKnownFileType = sourcecode.swift; path = ValorantShopRealmTestProjectApp.swift; sourceTree = "<group>"; };
		9E266E882AB31ADB00178F25 /* ContentView.swift */ = {isa = PBXFileReference; lastKnownFileType = sourcecode.swift; path = ContentView.swift; sourceTree = "<group>"; };
		9E266E8A2AB31ADC00178F25 /* Assets.xcassets */ = {isa = PBXFileReference; lastKnownFileType = folder.assetcatalog; path = Assets.xcassets; sourceTree = "<group>"; };
		9E266E8D2AB31ADC00178F25 /* Preview Assets.xcassets */ = {isa = PBXFileReference; lastKnownFileType = folder.assetcatalog; path = "Preview Assets.xcassets"; sourceTree = "<group>"; };
		9E266E962AB31B2800178F25 /* RealmManager.swift */ = {isa = PBXFileReference; lastKnownFileType = sourcecode.swift; path = RealmManager.swift; sourceTree = "<group>"; };
		9E266E9E2AB31B7300178F25 /* ResourceManager.swift */ = {isa = PBXFileReference; lastKnownFileType = sourcecode.swift; path = ResourceManager.swift; sourceTree = "<group>"; };
		9E266EA12AB31BED00178F25 /* RiotVersion.swift */ = {isa = PBXFileReference; lastKnownFileType = sourcecode.swift; path = RiotVersion.swift; sourceTree = "<group>"; };
		9E266EA42AB3221700178F25 /* ViewModel.swift */ = {isa = PBXFileReference; lastKnownFileType = sourcecode.swift; path = ViewModel.swift; sourceTree = "<group>"; };
/* End PBXFileReference section */

/* Begin PBXFrameworksBuildPhase section */
		9E266E802AB31ADB00178F25 /* Frameworks */ = {
			isa = PBXFrameworksBuildPhase;
			buildActionMask = 2147483647;
			files = (
				9E266E9C2AB31B5700178F25 /* RealmSwift in Frameworks */,
				9E266E9A2AB31B5700178F25 /* Realm in Frameworks */,
			);
			runOnlyForDeploymentPostprocessing = 0;
		};
/* End PBXFrameworksBuildPhase section */

/* Begin PBXGroup section */
		9E266E7A2AB31ADB00178F25 = {
			isa = PBXGroup;
			children = (
				9E266E852AB31ADB00178F25 /* ValorantShopRealmTestProject */,
				9E266E842AB31ADB00178F25 /* Products */,
			);
			sourceTree = "<group>";
		};
		9E266E842AB31ADB00178F25 /* Products */ = {
			isa = PBXGroup;
			children = (
				9E266E832AB31ADB00178F25 /* ValorantShopRealmTestProject.app */,
			);
			name = Products;
			sourceTree = "<group>";
		};
		9E266E852AB31ADB00178F25 /* ValorantShopRealmTestProject */ = {
			isa = PBXGroup;
			children = (
				9E266E862AB31ADB00178F25 /* ValorantShopRealmTestProjectApp.swift */,
				9E266E942AB31AE200178F25 /* Views */,
				9E266EA32AB3220900178F25 /* ViewModels */,
				9E266EA02AB31B9200178F25 /* Models */,
				9E266E952AB31B1700178F25 /* Managers */,
				9E266E8A2AB31ADC00178F25 /* Assets.xcassets */,
				9E266E8C2AB31ADC00178F25 /* Preview Content */,
			);
			path = ValorantShopRealmTestProject;
			sourceTree = "<group>";
		};
		9E266E8C2AB31ADC00178F25 /* Preview Content */ = {
			isa = PBXGroup;
			children = (
				9E266E8D2AB31ADC00178F25 /* Preview Assets.xcassets */,
			);
			path = "Preview Content";
			sourceTree = "<group>";
		};
		9E266E942AB31AE200178F25 /* Views */ = {
			isa = PBXGroup;
			children = (
				9E266E882AB31ADB00178F25 /* ContentView.swift */,
			);
			path = Views;
			sourceTree = "<group>";
		};
		9E266E952AB31B1700178F25 /* Managers */ = {
			isa = PBXGroup;
			children = (
				9E266E962AB31B2800178F25 /* RealmManager.swift */,
				9E266E9E2AB31B7300178F25 /* ResourceManager.swift */,
			);
			path = Managers;
			sourceTree = "<group>";
		};
		9E266EA02AB31B9200178F25 /* Models */ = {
			isa = PBXGroup;
			children = (
				9E266EA12AB31BED00178F25 /* RiotVersion.swift */,
			);
			path = Models;
			sourceTree = "<group>";
		};
		9E266EA32AB3220900178F25 /* ViewModels */ = {
			isa = PBXGroup;
			children = (
				9E266EA42AB3221700178F25 /* ViewModel.swift */,
			);
			path = ViewModels;
			sourceTree = "<group>";
		};
/* End PBXGroup section */

/* Begin PBXNativeTarget section */
		9E266E822AB31ADB00178F25 /* ValorantShopRealmTestProject */ = {
			isa = PBXNativeTarget;
			buildConfigurationList = 9E266E912AB31ADC00178F25 /* Build configuration list for PBXNativeTarget "ValorantShopRealmTestProject" */;
			buildPhases = (
				9E266E7F2AB31ADB00178F25 /* Sources */,
				9E266E802AB31ADB00178F25 /* Frameworks */,
				9E266E812AB31ADB00178F25 /* Resources */,
			);
			buildRules = (
			);
			dependencies = (
			);
			name = ValorantShopRealmTestProject;
			packageProductDependencies = (
				9E266E992AB31B5700178F25 /* Realm */,
				9E266E9B2AB31B5700178F25 /* RealmSwift */,
			);
			productName = ValorantShopRealmTestProject;
			productReference = 9E266E832AB31ADB00178F25 /* ValorantShopRealmTestProject.app */;
			productType = "com.apple.product-type.application";
		};
/* End PBXNativeTarget section */

/* Begin PBXProject section */
		9E266E7B2AB31ADB00178F25 /* Project object */ = {
			isa = PBXProject;
			attributes = {
				BuildIndependentTargetsInParallel = 1;
				LastSwiftUpdateCheck = 1430;
				LastUpgradeCheck = 1430;
				TargetAttributes = {
					9E266E822AB31ADB00178F25 = {
						CreatedOnToolsVersion = 14.3.1;
					};
				};
			};
			buildConfigurationList = 9E266E7E2AB31ADB00178F25 /* Build configuration list for PBXProject "ValorantShopRealmTestProject" */;
			compatibilityVersion = "Xcode 14.0";
			developmentRegion = en;
			hasScannedForEncodings = 0;
			knownRegions = (
				en,
				Base,
			);
			mainGroup = 9E266E7A2AB31ADB00178F25;
			packageReferences = (
				9E266E982AB31B5700178F25 /* XCRemoteSwiftPackageReference "realm-swift" */,
			);
			productRefGroup = 9E266E842AB31ADB00178F25 /* Products */;
			projectDirPath = "";
			projectRoot = "";
			targets = (
				9E266E822AB31ADB00178F25 /* ValorantShopRealmTestProject */,
			);
		};
/* End PBXProject section */

/* Begin PBXResourcesBuildPhase section */
		9E266E812AB31ADB00178F25 /* Resources */ = {
			isa = PBXResourcesBuildPhase;
			buildActionMask = 2147483647;
			files = (
				9E266E8E2AB31ADC00178F25 /* Preview Assets.xcassets in Resources */,
				9E266E8B2AB31ADC00178F25 /* Assets.xcassets in Resources */,
			);
			runOnlyForDeploymentPostprocessing = 0;
		};
/* End PBXResourcesBuildPhase section */

/* Begin PBXSourcesBuildPhase section */
		9E266E7F2AB31ADB00178F25 /* Sources */ = {
			isa = PBXSourcesBuildPhase;
			buildActionMask = 2147483647;
			files = (
				9E266E892AB31ADB00178F25 /* ContentView.swift in Sources */,
				9E266EA22AB31BED00178F25 /* RiotVersion.swift in Sources */,
				9E266E872AB31ADB00178F25 /* ValorantShopRealmTestProjectApp.swift in Sources */,
				9E266E972AB31B2800178F25 /* RealmManager.swift in Sources */,
				9E266EA52AB3221700178F25 /* ViewModel.swift in Sources */,
				9E266E9F2AB31B7300178F25 /* ResourceManager.swift in Sources */,
			);
			runOnlyForDeploymentPostprocessing = 0;
		};
/* End PBXSourcesBuildPhase section */

/* Begin XCBuildConfiguration section */
		9E266E8F2AB31ADC00178F25 /* Debug */ = {
			isa = XCBuildConfiguration;
			buildSettings = {
				ALWAYS_SEARCH_USER_PATHS = NO;
				CLANG_ANALYZER_NONNULL = YES;
				CLANG_ANALYZER_NUMBER_OBJECT_CONVERSION = YES_AGGRESSIVE;
				CLANG_CXX_LANGUAGE_STANDARD = "gnu++20";
				CLANG_ENABLE_MODULES = YES;
				CLANG_ENABLE_OBJC_ARC = YES;
				CLANG_ENABLE_OBJC_WEAK = YES;
				CLANG_WARN_BLOCK_CAPTURE_AUTORELEASING = YES;
				CLANG_WARN_BOOL_CONVERSION = YES;
				CLANG_WARN_COMMA = YES;
				CLANG_WARN_CONSTANT_CONVERSION = YES;
				CLANG_WARN_DEPRECATED_OBJC_IMPLEMENTATIONS = YES;
				CLANG_WARN_DIRECT_OBJC_ISA_USAGE = YES_ERROR;
				CLANG_WARN_DOCUMENTATION_COMMENTS = YES;
				CLANG_WARN_EMPTY_BODY = YES;
				CLANG_WARN_ENUM_CONVERSION = YES;
				CLANG_WARN_INFINITE_RECURSION = YES;
				CLANG_WARN_INT_CONVERSION = YES;
				CLANG_WARN_NON_LITERAL_NULL_CONVERSION = YES;
				CLANG_WARN_OBJC_IMPLICIT_RETAIN_SELF = YES;
				CLANG_WARN_OBJC_LITERAL_CONVERSION = YES;
				CLANG_WARN_OBJC_ROOT_CLASS = YES_ERROR;
				CLANG_WARN_QUOTED_INCLUDE_IN_FRAMEWORK_HEADER = YES;
				CLANG_WARN_RANGE_LOOP_ANALYSIS = YES;
				CLANG_WARN_STRICT_PROTOTYPES = YES;
				CLANG_WARN_SUSPICIOUS_MOVE = YES;
				CLANG_WARN_UNGUARDED_AVAILABILITY = YES_AGGRESSIVE;
				CLANG_WARN_UNREACHABLE_CODE = YES;
				CLANG_WARN__DUPLICATE_METHOD_MATCH = YES;
				COPY_PHASE_STRIP = NO;
				DEBUG_INFORMATION_FORMAT = dwarf;
				ENABLE_STRICT_OBJC_MSGSEND = YES;
				ENABLE_TESTABILITY = YES;
				GCC_C_LANGUAGE_STANDARD = gnu11;
				GCC_DYNAMIC_NO_PIC = NO;
				GCC_NO_COMMON_BLOCKS = YES;
				GCC_OPTIMIZATION_LEVEL = 0;
				GCC_PREPROCESSOR_DEFINITIONS = (
					"DEBUG=1",
					"$(inherited)",
				);
				GCC_WARN_64_TO_32_BIT_CONVERSION = YES;
				GCC_WARN_ABOUT_RETURN_TYPE = YES_ERROR;
				GCC_WARN_UNDECLARED_SELECTOR = YES;
				GCC_WARN_UNINITIALIZED_AUTOS = YES_AGGRESSIVE;
				GCC_WARN_UNUSED_FUNCTION = YES;
				GCC_WARN_UNUSED_VARIABLE = YES;
				IPHONEOS_DEPLOYMENT_TARGET = 16.4;
				MTL_ENABLE_DEBUG_INFO = INCLUDE_SOURCE;
				MTL_FAST_MATH = YES;
				ONLY_ACTIVE_ARCH = YES;
				SDKROOT = iphoneos;
				SWIFT_ACTIVE_COMPILATION_CONDITIONS = DEBUG;
				SWIFT_OPTIMIZATION_LEVEL = "-Onone";
			};
			name = Debug;
		};
		9E266E902AB31ADC00178F25 /* Release */ = {
			isa = XCBuildConfiguration;
			buildSettings = {
				ALWAYS_SEARCH_USER_PATHS = NO;
				CLANG_ANALYZER_NONNULL = YES;
				CLANG_ANALYZER_NUMBER_OBJECT_CONVERSION = YES_AGGRESSIVE;
				CLANG_CXX_LANGUAGE_STANDARD = "gnu++20";
				CLANG_ENABLE_MODULES = YES;
				CLANG_ENABLE_OBJC_ARC = YES;
				CLANG_ENABLE_OBJC_WEAK = YES;
				CLANG_WARN_BLOCK_CAPTURE_AUTORELEASING = YES;
				CLANG_WARN_BOOL_CONVERSION = YES;
				CLANG_WARN_COMMA = YES;
				CLANG_WARN_CONSTANT_CONVERSION = YES;
				CLANG_WARN_DEPRECATED_OBJC_IMPLEMENTATIONS = YES;
				CLANG_WARN_DIRECT_OBJC_ISA_USAGE = YES_ERROR;
				CLANG_WARN_DOCUMENTATION_COMMENTS = YES;
				CLANG_WARN_EMPTY_BODY = YES;
				CLANG_WARN_ENUM_CONVERSION = YES;
				CLANG_WARN_INFINITE_RECURSION = YES;
				CLANG_WARN_INT_CONVERSION = YES;
				CLANG_WARN_NON_LITERAL_NULL_CONVERSION = YES;
				CLANG_WARN_OBJC_IMPLICIT_RETAIN_SELF = YES;
				CLANG_WARN_OBJC_LITERAL_CONVERSION = YES;
				CLANG_WARN_OBJC_ROOT_CLASS = YES_ERROR;
				CLANG_WARN_QUOTED_INCLUDE_IN_FRAMEWORK_HEADER = YES;
				CLANG_WARN_RANGE_LOOP_ANALYSIS = YES;
				CLANG_WARN_STRICT_PROTOTYPES = YES;
				CLANG_WARN_SUSPICIOUS_MOVE = YES;
				CLANG_WARN_UNGUARDED_AVAILABILITY = YES_AGGRESSIVE;
				CLANG_WARN_UNREACHABLE_CODE = YES;
				CLANG_WARN__DUPLICATE_METHOD_MATCH = YES;
				COPY_PHASE_STRIP = NO;
				DEBUG_INFORMATION_FORMAT = "dwarf-with-dsym";
				ENABLE_NS_ASSERTIONS = NO;
				ENABLE_STRICT_OBJC_MSGSEND = YES;
				GCC_C_LANGUAGE_STANDARD = gnu11;
				GCC_NO_COMMON_BLOCKS = YES;
				GCC_WARN_64_TO_32_BIT_CONVERSION = YES;
				GCC_WARN_ABOUT_RETURN_TYPE = YES_ERROR;
				GCC_WARN_UNDECLARED_SELECTOR = YES;
				GCC_WARN_UNINITIALIZED_AUTOS = YES_AGGRESSIVE;
				GCC_WARN_UNUSED_FUNCTION = YES;
				GCC_WARN_UNUSED_VARIABLE = YES;
				IPHONEOS_DEPLOYMENT_TARGET = 16.4;
				MTL_ENABLE_DEBUG_INFO = NO;
				MTL_FAST_MATH = YES;
				SDKROOT = iphoneos;
				SWIFT_COMPILATION_MODE = wholemodule;
				SWIFT_OPTIMIZATION_LEVEL = "-O";
				VALIDATE_PRODUCT = YES;
			};
			name = Release;
		};
		9E266E922AB31ADC00178F25 /* Debug */ = {
			isa = XCBuildConfiguration;
			buildSettings = {
				ASSETCATALOG_COMPILER_APPICON_NAME = AppIcon;
				ASSETCATALOG_COMPILER_GLOBAL_ACCENT_COLOR_NAME = AccentColor;
				CODE_SIGN_STYLE = Automatic;
				CURRENT_PROJECT_VERSION = 1;
				DEVELOPMENT_ASSET_PATHS = "\"ValorantShopRealmTestProject/Preview Content\"";
				DEVELOPMENT_TEAM = 4DQM269FVB;
				ENABLE_PREVIEWS = YES;
				GENERATE_INFOPLIST_FILE = YES;
				INFOPLIST_KEY_UIApplicationSceneManifest_Generation = YES;
				INFOPLIST_KEY_UIApplicationSupportsIndirectInputEvents = YES;
				INFOPLIST_KEY_UILaunchScreen_Generation = YES;
				INFOPLIST_KEY_UISupportedInterfaceOrientations_iPad = "UIInterfaceOrientationPortrait UIInterfaceOrientationPortraitUpsideDown UIInterfaceOrientationLandscapeLeft UIInterfaceOrientationLandscapeRight";
				INFOPLIST_KEY_UISupportedInterfaceOrientations_iPhone = "UIInterfaceOrientationPortrait UIInterfaceOrientationLandscapeLeft UIInterfaceOrientationLandscapeRight";
				LD_RUNPATH_SEARCH_PATHS = (
					"$(inherited)",
					"@executable_path/Frameworks",
				);
				MARKETING_VERSION = 1.0;
				PRODUCT_BUNDLE_IDENTIFIER = "com.kunwoo-kim.ValorantShopRealmTestProject";
				PRODUCT_NAME = "$(TARGET_NAME)";
				SWIFT_EMIT_LOC_STRINGS = YES;
				SWIFT_VERSION = 5.0;
				TARGETED_DEVICE_FAMILY = "1,2";
			};
			name = Debug;
		};
		9E266E932AB31ADC00178F25 /* Release */ = {
			isa = XCBuildConfiguration;
			buildSettings = {
				ASSETCATALOG_COMPILER_APPICON_NAME = AppIcon;
				ASSETCATALOG_COMPILER_GLOBAL_ACCENT_COLOR_NAME = AccentColor;
				CODE_SIGN_STYLE = Automatic;
				CURRENT_PROJECT_VERSION = 1;
				DEVELOPMENT_ASSET_PATHS = "\"ValorantShopRealmTestProject/Preview Content\"";
				DEVELOPMENT_TEAM = 4DQM269FVB;
				ENABLE_PREVIEWS = YES;
				GENERATE_INFOPLIST_FILE = YES;
				INFOPLIST_KEY_UIApplicationSceneManifest_Generation = YES;
				INFOPLIST_KEY_UIApplicationSupportsIndirectInputEvents = YES;
				INFOPLIST_KEY_UILaunchScreen_Generation = YES;
				INFOPLIST_KEY_UISupportedInterfaceOrientations_iPad = "UIInterfaceOrientationPortrait UIInterfaceOrientationPortraitUpsideDown UIInterfaceOrientationLandscapeLeft UIInterfaceOrientationLandscapeRight";
				INFOPLIST_KEY_UISupportedInterfaceOrientations_iPhone = "UIInterfaceOrientationPortrait UIInterfaceOrientationLandscapeLeft UIInterfaceOrientationLandscapeRight";
				LD_RUNPATH_SEARCH_PATHS = (
					"$(inherited)",
					"@executable_path/Frameworks",
				);
				MARKETING_VERSION = 1.0;
				PRODUCT_BUNDLE_IDENTIFIER = "com.kunwoo-kim.ValorantShopRealmTestProject";
				PRODUCT_NAME = "$(TARGET_NAME)";
				SWIFT_EMIT_LOC_STRINGS = YES;
				SWIFT_VERSION = 5.0;
				TARGETED_DEVICE_FAMILY = "1,2";
			};
			name = Release;
		};
/* End XCBuildConfiguration section */

/* Begin XCConfigurationList section */
		9E266E7E2AB31ADB00178F25 /* Build configuration list for PBXProject "ValorantShopRealmTestProject" */ = {
			isa = XCConfigurationList;
			buildConfigurations = (
				9E266E8F2AB31ADC00178F25 /* Debug */,
				9E266E902AB31ADC00178F25 /* Release */,
			);
			defaultConfigurationIsVisible = 0;
			defaultConfigurationName = Release;
		};
		9E266E912AB31ADC00178F25 /* Build configuration list for PBXNativeTarget "ValorantShopRealmTestProject" */ = {
			isa = XCConfigurationList;
			buildConfigurations = (
				9E266E922AB31ADC00178F25 /* Debug */,
				9E266E932AB31ADC00178F25 /* Release */,
			);
			defaultConfigurationIsVisible = 0;
			defaultConfigurationName = Release;
		};
/* End XCConfigurationList section */

/* Begin XCRemoteSwiftPackageReference section */
		9E266E982AB31B5700178F25 /* XCRemoteSwiftPackageReference "realm-swift" */ = {
			isa = XCRemoteSwiftPackageReference;
			repositoryURL = "https://github.com/realm/realm-swift";
			requirement = {
				branch = master;
				kind = branch;
			};
		};
/* End XCRemoteSwiftPackageReference section */

/* Begin XCSwiftPackageProductDependency section */
		9E266E992AB31B5700178F25 /* Realm */ = {
			isa = XCSwiftPackageProductDependency;
			package = 9E266E982AB31B5700178F25 /* XCRemoteSwiftPackageReference "realm-swift" */;
			productName = Realm;
		};
		9E266E9B2AB31B5700178F25 /* RealmSwift */ = {
			isa = XCSwiftPackageProductDependency;
			package = 9E266E982AB31B5700178F25 /* XCRemoteSwiftPackageReference "realm-swift" */;
			productName = RealmSwift;
		};
/* End XCSwiftPackageProductDependency section */
	};
	rootObject = 9E266E7B2AB31ADB00178F25 /* Project object */;
}
